
Microsoft Visual Studio Solution File, Format Version 12.00
Project("{FAE04EC0-301F-11D3-BF4B-00C04F79EFBC}") = "TcpServer", "TcpServer\TcpServer.csproj", "{4146DDC4-94A8-48E7-BAFB-4F256FFA23C1}"
EndProject
Global
	GlobalSection(SolutionConfigurationPlatforms) = preSolution
		Debug|Any CPU = Debug|Any CPU
		Release|Any CPU = Release|Any CPU
	EndGlobalSection
	GlobalSection(ProjectConfigurationPlatforms) = postSolution
		{4146DDC4-94A8-48E7-BAFB-4F256FFA23C1}.Debug|Any CPU.ActiveCfg = Debug|Any CPU
		{4146DDC4-94A8-48E7-BAFB-4F256FFA23C1}.Debug|Any CPU.Build.0 = Debug|Any CPU
		{4146DDC4-94A8-48E7-BAFB-4F256FFA23C1}.Release|Any CPU.ActiveCfg = Release|Any CPU
		{4146DDC4-94A8-48E7-BAFB-4F256FFA23C1}.Release|Any CPU.Build.0 = Release|Any CPU
	EndGlobalSection
EndGlobal
